
Microsoft Visual Studio Solution File, Format Version 12.00
# Visual Studio Version 16
VisualStudioVersion = 16.0.29613.14
MinimumVisualStudioVersion = 10.0.40219.1
Project("{FAE04EC0-301F-11D3-BF4B-00C04F79EFBC}") = "Övning3", "Övning3\Övning3.csproj", "{D112838E-1482-41E5-B8AF-F90B10B6B59E}"
EndProject
Global
	GlobalSection(SolutionConfigurationPlatforms) = preSolution
		Debug|Any CPU = Debug|Any CPU
		Release|Any CPU = Release|Any CPU
	EndGlobalSection
	GlobalSection(ProjectConfigurationPlatforms) = postSolution
		{D112838E-1482-41E5-B8AF-F90B10B6B59E}.Debug|Any CPU.ActiveCfg = Debug|Any CPU
		{D112838E-1482-41E5-B8AF-F90B10B6B59E}.Debug|Any CPU.Build.0 = Debug|Any CPU
		{D112838E-1482-41E5-B8AF-F90B10B6B59E}.Release|Any CPU.ActiveCfg = Release|Any CPU
		{D112838E-1482-41E5-B8AF-F90B10B6B59E}.Release|Any CPU.Build.0 = Release|Any CPU
	EndGlobalSection
	GlobalSection(SolutionProperties) = preSolution
		HideSolutionNode = FALSE
	EndGlobalSection
	GlobalSection(ExtensibilityGlobals) = postSolution
		SolutionGuid = {CEC57AFC-1A13-453E-9F4A-C1EC2570C255}
	EndGlobalSection
EndGlobal
